
Microsoft Visual Studio Solution File, Format Version 12.00
# Visual Studio 15
VisualStudioVersion = 15.0.25123.0
MinimumVisualStudioVersion = 10.0.40219.1
Project("{2150E333-8FDC-42A3-9474-1A3956D46DE8}") = "src", "src", "{BAF6783E-A3A1-4DEE-B8A7-5D8F595AAA2F}"
EndProject
Project("{2150E333-8FDC-42A3-9474-1A3956D46DE8}") = "Solution Items", "Solution Items", "{7A2997AF-7D5D-433B-AE38-CD90071267D0}"
	ProjectSection(SolutionItems) = preProject
		global.json = global.json
		LICENSE.md = LICENSE.md
		README.md = README.md
	EndProjectSection
EndProject
Project("{8BB2217D-0F2D-49D1-97BC-3654ED321F3B}") = "System.Net.Http.HttpListener", "src\System.Net.Http.HttpListener\System.Net.Http.HttpListener.xproj", "{B3FC0C7E-1A6C-4F10-919B-F5D7CCF34643}"
EndProject
Project("{8BB2217D-0F2D-49D1-97BC-3654ED321F3B}") = "Tests", "src\Tests\Tests.xproj", "{227ECAC8-3501-490D-8FC1-28C47868FB3F}"
EndProject
Project("{2150E333-8FDC-42A3-9474-1A3956D46DE8}") = "Samples", "Samples", "{A01BA1F5-81A9-4FE4-9FCC-ADB9B0026D4D}"
EndProject
Project("{FAE04EC0-301F-11D3-BF4B-00C04F79EFBC}") = "UWPApp", "src\Samples\UWPApp\UWPApp.csproj", "{A6AC1D6B-576A-4D27-8CC8-A3CA24AD2BE2}"
EndProject
Project("{FAE04EC0-301F-11D3-BF4B-00C04F79EFBC}") = "System.Net.Http.HttpListener.UWP", "src\System.Net.Http.HttpListener.UWP\System.Net.Http.HttpListener.UWP.csproj", "{669BF425-16BB-44AA-89A8-6BE62417CD6E}"
EndProject
Global
	GlobalSection(SolutionConfigurationPlatforms) = preSolution
		Debug|Any CPU = Debug|Any CPU
		Debug|ARM = Debug|ARM
		Debug|x64 = Debug|x64
		Debug|x86 = Debug|x86
		Release|Any CPU = Release|Any CPU
		Release|ARM = Release|ARM
		Release|x64 = Release|x64
		Release|x86 = Release|x86
	EndGlobalSection
	GlobalSection(ProjectConfigurationPlatforms) = postSolution
		{B3FC0C7E-1A6C-4F10-919B-F5D7CCF34643}.Debug|Any CPU.ActiveCfg = Debug|Any CPU
		{B3FC0C7E-1A6C-4F10-919B-F5D7CCF34643}.Debug|Any CPU.Build.0 = Debug|Any CPU
		{B3FC0C7E-1A6C-4F10-919B-F5D7CCF34643}.Debug|ARM.ActiveCfg = Debug|Any CPU
		{B3FC0C7E-1A6C-4F10-919B-F5D7CCF34643}.Debug|ARM.Build.0 = Debug|Any CPU
		{B3FC0C7E-1A6C-4F10-919B-F5D7CCF34643}.Debug|x64.ActiveCfg = Debug|Any CPU
		{B3FC0C7E-1A6C-4F10-919B-F5D7CCF34643}.Debug|x64.Build.0 = Debug|Any CPU
		{B3FC0C7E-1A6C-4F10-919B-F5D7CCF34643}.Debug|x86.ActiveCfg = Debug|Any CPU
		{B3FC0C7E-1A6C-4F10-919B-F5D7CCF34643}.Debug|x86.Build.0 = Debug|Any CPU
		{B3FC0C7E-1A6C-4F10-919B-F5D7CCF34643}.Release|Any CPU.ActiveCfg = Release|Any CPU
		{B3FC0C7E-1A6C-4F10-919B-F5D7CCF34643}.Release|Any CPU.Build.0 = Release|Any CPU
		{B3FC0C7E-1A6C-4F10-919B-F5D7CCF34643}.Release|ARM.ActiveCfg = Release|Any CPU
		{B3FC0C7E-1A6C-4F10-919B-F5D7CCF34643}.Release|ARM.Build.0 = Release|Any CPU
		{B3FC0C7E-1A6C-4F10-919B-F5D7CCF34643}.Release|x64.ActiveCfg = Release|Any CPU
		{B3FC0C7E-1A6C-4F10-919B-F5D7CCF34643}.Release|x64.Build.0 = Release|Any CPU
		{B3FC0C7E-1A6C-4F10-919B-F5D7CCF34643}.Release|x86.ActiveCfg = Release|Any CPU
		{B3FC0C7E-1A6C-4F10-919B-F5D7CCF34643}.Release|x86.Build.0 = Release|Any CPU
		{227ECAC8-3501-490D-8FC1-28C47868FB3F}.Debug|Any CPU.ActiveCfg = Debug|Any CPU
		{227ECAC8-3501-490D-8FC1-28C47868FB3F}.Debug|Any CPU.Build.0 = Debug|Any CPU
		{227ECAC8-3501-490D-8FC1-28C47868FB3F}.Debug|ARM.ActiveCfg = Debug|Any CPU
		{227ECAC8-3501-490D-8FC1-28C47868FB3F}.Debug|ARM.Build.0 = Debug|Any CPU
		{227ECAC8-3501-490D-8FC1-28C47868FB3F}.Debug|x64.ActiveCfg = Debug|Any CPU
		{227ECAC8-3501-490D-8FC1-28C47868FB3F}.Debug|x64.Build.0 = Debug|Any CPU
		{227ECAC8-3501-490D-8FC1-28C47868FB3F}.Debug|x86.ActiveCfg = Debug|Any CPU
		{227ECAC8-3501-490D-8FC1-28C47868FB3F}.Debug|x86.Build.0 = Debug|Any CPU
		{227ECAC8-3501-490D-8FC1-28C47868FB3F}.Release|Any CPU.ActiveCfg = Release|Any CPU
		{227ECAC8-3501-490D-8FC1-28C47868FB3F}.Release|Any CPU.Build.0 = Release|Any CPU
		{227ECAC8-3501-490D-8FC1-28C47868FB3F}.Release|ARM.ActiveCfg = Release|Any CPU
		{227ECAC8-3501-490D-8FC1-28C47868FB3F}.Release|ARM.Build.0 = Release|Any CPU
		{227ECAC8-3501-490D-8FC1-28C47868FB3F}.Release|x64.ActiveCfg = Release|Any CPU
		{227ECAC8-3501-490D-8FC1-28C47868FB3F}.Release|x64.Build.0 = Release|Any CPU
		{227ECAC8-3501-490D-8FC1-28C47868FB3F}.Release|x86.ActiveCfg = Release|Any CPU
		{227ECAC8-3501-490D-8FC1-28C47868FB3F}.Release|x86.Build.0 = Release|Any CPU
		{A6AC1D6B-576A-4D27-8CC8-A3CA24AD2BE2}.Debug|Any CPU.ActiveCfg = Debug|x86
		{A6AC1D6B-576A-4D27-8CC8-A3CA24AD2BE2}.Debug|ARM.ActiveCfg = Debug|ARM
		{A6AC1D6B-576A-4D27-8CC8-A3CA24AD2BE2}.Debug|ARM.Build.0 = Debug|ARM
		{A6AC1D6B-576A-4D27-8CC8-A3CA24AD2BE2}.Debug|ARM.Deploy.0 = Debug|ARM
		{A6AC1D6B-576A-4D27-8CC8-A3CA24AD2BE2}.Debug|x64.ActiveCfg = Debug|x64
		{A6AC1D6B-576A-4D27-8CC8-A3CA24AD2BE2}.Debug|x64.Build.0 = Debug|x64
		{A6AC1D6B-576A-4D27-8CC8-A3CA24AD2BE2}.Debug|x64.Deploy.0 = Debug|x64
		{A6AC1D6B-576A-4D27-8CC8-A3CA24AD2BE2}.Debug|x86.ActiveCfg = Debug|x86
		{A6AC1D6B-576A-4D27-8CC8-A3CA24AD2BE2}.Debug|x86.Build.0 = Debug|x86
		{A6AC1D6B-576A-4D27-8CC8-A3CA24AD2BE2}.Debug|x86.Deploy.0 = Debug|x86
		{A6AC1D6B-576A-4D27-8CC8-A3CA24AD2BE2}.Release|Any CPU.ActiveCfg = Release|x86
		{A6AC1D6B-576A-4D27-8CC8-A3CA24AD2BE2}.Release|ARM.ActiveCfg = Release|ARM
		{A6AC1D6B-576A-4D27-8CC8-A3CA24AD2BE2}.Release|ARM.Build.0 = Release|ARM
		{A6AC1D6B-576A-4D27-8CC8-A3CA24AD2BE2}.Release|ARM.Deploy.0 = Release|ARM
		{A6AC1D6B-576A-4D27-8CC8-A3CA24AD2BE2}.Release|x64.ActiveCfg = Release|x64
		{A6AC1D6B-576A-4D27-8CC8-A3CA24AD2BE2}.Release|x64.Build.0 = Release|x64
		{A6AC1D6B-576A-4D27-8CC8-A3CA24AD2BE2}.Release|x64.Deploy.0 = Release|x64
		{A6AC1D6B-576A-4D27-8CC8-A3CA24AD2BE2}.Release|x86.ActiveCfg = Release|x86
		{A6AC1D6B-576A-4D27-8CC8-A3CA24AD2BE2}.Release|x86.Build.0 = Release|x86
		{A6AC1D6B-576A-4D27-8CC8-A3CA24AD2BE2}.Release|x86.Deploy.0 = Release|x86
		{669BF425-16BB-44AA-89A8-6BE62417CD6E}.Debug|Any CPU.ActiveCfg = Debug|Any CPU
		{669BF425-16BB-44AA-89A8-6BE62417CD6E}.Debug|Any CPU.Build.0 = Debug|Any CPU
		{669BF425-16BB-44AA-89A8-6BE62417CD6E}.Debug|ARM.ActiveCfg = Debug|ARM
		{669BF425-16BB-44AA-89A8-6BE62417CD6E}.Debug|ARM.Build.0 = Debug|ARM
		{669BF425-16BB-44AA-89A8-6BE62417CD6E}.Debug|x64.ActiveCfg = Debug|x64
		{669BF425-16BB-44AA-89A8-6BE62417CD6E}.Debug|x64.Build.0 = Debug|x64
		{669BF425-16BB-44AA-89A8-6BE62417CD6E}.Debug|x86.ActiveCfg = Debug|x86
		{669BF425-16BB-44AA-89A8-6BE62417CD6E}.Debug|x86.Build.0 = Debug|x86
		{669BF425-16BB-44AA-89A8-6BE62417CD6E}.Release|Any CPU.ActiveCfg = Release|Any CPU
		{669BF425-16BB-44AA-89A8-6BE62417CD6E}.Release|Any CPU.Build.0 = Release|Any CPU
		{669BF425-16BB-44AA-89A8-6BE62417CD6E}.Release|ARM.ActiveCfg = Release|ARM
		{669BF425-16BB-44AA-89A8-6BE62417CD6E}.Release|ARM.Build.0 = Release|ARM
		{669BF425-16BB-44AA-89A8-6BE62417CD6E}.Release|x64.ActiveCfg = Release|x64
		{669BF425-16BB-44AA-89A8-6BE62417CD6E}.Release|x64.Build.0 = Release|x64
		{669BF425-16BB-44AA-89A8-6BE62417CD6E}.Release|x86.ActiveCfg = Release|x86
		{669BF425-16BB-44AA-89A8-6BE62417CD6E}.Release|x86.Build.0 = Release|x86
	EndGlobalSection
	GlobalSection(SolutionProperties) = preSolution
		HideSolutionNode = FALSE
	EndGlobalSection
	GlobalSection(NestedProjects) = preSolution
		{B3FC0C7E-1A6C-4F10-919B-F5D7CCF34643} = {BAF6783E-A3A1-4DEE-B8A7-5D8F595AAA2F}
		{227ECAC8-3501-490D-8FC1-28C47868FB3F} = {BAF6783E-A3A1-4DEE-B8A7-5D8F595AAA2F}
		{A01BA1F5-81A9-4FE4-9FCC-ADB9B0026D4D} = {BAF6783E-A3A1-4DEE-B8A7-5D8F595AAA2F}
		{A6AC1D6B-576A-4D27-8CC8-A3CA24AD2BE2} = {A01BA1F5-81A9-4FE4-9FCC-ADB9B0026D4D}
		{669BF425-16BB-44AA-89A8-6BE62417CD6E} = {BAF6783E-A3A1-4DEE-B8A7-5D8F595AAA2F}
	EndGlobalSection
EndGlobal
