
Microsoft Visual Studio Solution File, Format Version 12.00
# Visual Studio 14
VisualStudioVersion = 14.0.25420.1
MinimumVisualStudioVersion = 10.0.40219.1
Project("{8BB2217D-0F2D-49D1-97BC-3654ED321F3B}") = "System.Net.Http.HttpListener", "src\System.Net.Http.HttpListener\System.Net.Http.HttpListener.xproj", "{0ECA641F-BD50-413A-876C-A7D4810EB906}"
EndProject
Project("{8BB2217D-0F2D-49D1-97BC-3654ED321F3B}") = "System.Net.Http.HttpListener.Tests", "test\System.Net.Http.HttpListener.Tests\System.Net.Http.HttpListener.Tests.xproj", "{C6FFB78D-EFBB-46C3-A0D1-68BF3436735E}"
EndProject
Project("{2150E333-8FDC-42A3-9474-1A3956D46DE8}") = "src", "src", "{DF1E746A-72B0-4E19-93B3-5AB10C1FC11C}"
EndProject
Project("{2150E333-8FDC-42A3-9474-1A3956D46DE8}") = "test", "test", "{CD898B0D-BE14-44D6-9B9A-8BA97E74CEB6}"
EndProject
Project("{2150E333-8FDC-42A3-9474-1A3956D46DE8}") = "Solution Items", "Solution Items", "{E8754D0E-970B-45A6-8B1B-0D5ED15099DE}"
	ProjectSection(SolutionItems) = preProject
		global.json = global.json
		LICENSE.md = LICENSE.md
		README.md = README.md
	EndProjectSection
EndProject
Project("{FAE04EC0-301F-11D3-BF4B-00C04F79EFBC}") = "TestApp", "src\TestApp\TestApp.csproj", "{CD908D7A-DEE6-48D3-8E5C-2EBC3851EF4B}"
	ProjectSection(ProjectDependencies) = postProject
		{0ECA641F-BD50-413A-876C-A7D4810EB906} = {0ECA641F-BD50-413A-876C-A7D4810EB906}
	EndProjectSection
EndProject
Project("{8BB2217D-0F2D-49D1-97BC-3654ED321F3B}") = "TestConsoleApp", "src\TestConsoleApp\TestConsoleApp.xproj", "{28923ACA-8AA7-489F-BC38-A6CB5C469108}"
EndProject
Global
	GlobalSection(SolutionConfigurationPlatforms) = preSolution
		Debug|Any CPU = Debug|Any CPU
		Debug|ARM = Debug|ARM
		Debug|x64 = Debug|x64
		Debug|x86 = Debug|x86
		Release|Any CPU = Release|Any CPU
		Release|ARM = Release|ARM
		Release|x64 = Release|x64
		Release|x86 = Release|x86
	EndGlobalSection
	GlobalSection(ProjectConfigurationPlatforms) = postSolution
		{0ECA641F-BD50-413A-876C-A7D4810EB906}.Debug|Any CPU.ActiveCfg = Debug|Any CPU
		{0ECA641F-BD50-413A-876C-A7D4810EB906}.Debug|Any CPU.Build.0 = Debug|Any CPU
		{0ECA641F-BD50-413A-876C-A7D4810EB906}.Debug|ARM.ActiveCfg = Debug|Any CPU
		{0ECA641F-BD50-413A-876C-A7D4810EB906}.Debug|ARM.Build.0 = Debug|Any CPU
		{0ECA641F-BD50-413A-876C-A7D4810EB906}.Debug|x64.ActiveCfg = Debug|Any CPU
		{0ECA641F-BD50-413A-876C-A7D4810EB906}.Debug|x64.Build.0 = Debug|Any CPU
		{0ECA641F-BD50-413A-876C-A7D4810EB906}.Debug|x86.ActiveCfg = Debug|Any CPU
		{0ECA641F-BD50-413A-876C-A7D4810EB906}.Debug|x86.Build.0 = Debug|Any CPU
		{0ECA641F-BD50-413A-876C-A7D4810EB906}.Release|Any CPU.ActiveCfg = Release|Any CPU
		{0ECA641F-BD50-413A-876C-A7D4810EB906}.Release|Any CPU.Build.0 = Release|Any CPU
		{0ECA641F-BD50-413A-876C-A7D4810EB906}.Release|ARM.ActiveCfg = Release|Any CPU
		{0ECA641F-BD50-413A-876C-A7D4810EB906}.Release|ARM.Build.0 = Release|Any CPU
		{0ECA641F-BD50-413A-876C-A7D4810EB906}.Release|x64.ActiveCfg = Release|Any CPU
		{0ECA641F-BD50-413A-876C-A7D4810EB906}.Release|x64.Build.0 = Release|Any CPU
		{0ECA641F-BD50-413A-876C-A7D4810EB906}.Release|x86.ActiveCfg = Release|Any CPU
		{0ECA641F-BD50-413A-876C-A7D4810EB906}.Release|x86.Build.0 = Release|Any CPU
		{C6FFB78D-EFBB-46C3-A0D1-68BF3436735E}.Debug|Any CPU.ActiveCfg = Debug|Any CPU
		{C6FFB78D-EFBB-46C3-A0D1-68BF3436735E}.Debug|Any CPU.Build.0 = Debug|Any CPU
		{C6FFB78D-EFBB-46C3-A0D1-68BF3436735E}.Debug|ARM.ActiveCfg = Debug|Any CPU
		{C6FFB78D-EFBB-46C3-A0D1-68BF3436735E}.Debug|ARM.Build.0 = Debug|Any CPU
		{C6FFB78D-EFBB-46C3-A0D1-68BF3436735E}.Debug|x64.ActiveCfg = Debug|Any CPU
		{C6FFB78D-EFBB-46C3-A0D1-68BF3436735E}.Debug|x64.Build.0 = Debug|Any CPU
		{C6FFB78D-EFBB-46C3-A0D1-68BF3436735E}.Debug|x86.ActiveCfg = Debug|Any CPU
		{C6FFB78D-EFBB-46C3-A0D1-68BF3436735E}.Debug|x86.Build.0 = Debug|Any CPU
		{C6FFB78D-EFBB-46C3-A0D1-68BF3436735E}.Release|Any CPU.ActiveCfg = Release|Any CPU
		{C6FFB78D-EFBB-46C3-A0D1-68BF3436735E}.Release|Any CPU.Build.0 = Release|Any CPU
		{C6FFB78D-EFBB-46C3-A0D1-68BF3436735E}.Release|ARM.ActiveCfg = Release|Any CPU
		{C6FFB78D-EFBB-46C3-A0D1-68BF3436735E}.Release|ARM.Build.0 = Release|Any CPU
		{C6FFB78D-EFBB-46C3-A0D1-68BF3436735E}.Release|x64.ActiveCfg = Release|Any CPU
		{C6FFB78D-EFBB-46C3-A0D1-68BF3436735E}.Release|x64.Build.0 = Release|Any CPU
		{C6FFB78D-EFBB-46C3-A0D1-68BF3436735E}.Release|x86.ActiveCfg = Release|Any CPU
		{C6FFB78D-EFBB-46C3-A0D1-68BF3436735E}.Release|x86.Build.0 = Release|Any CPU
		{CD908D7A-DEE6-48D3-8E5C-2EBC3851EF4B}.Debug|Any CPU.ActiveCfg = Debug|x86
		{CD908D7A-DEE6-48D3-8E5C-2EBC3851EF4B}.Debug|ARM.ActiveCfg = Debug|ARM
		{CD908D7A-DEE6-48D3-8E5C-2EBC3851EF4B}.Debug|ARM.Build.0 = Debug|ARM
		{CD908D7A-DEE6-48D3-8E5C-2EBC3851EF4B}.Debug|ARM.Deploy.0 = Debug|ARM
		{CD908D7A-DEE6-48D3-8E5C-2EBC3851EF4B}.Debug|x64.ActiveCfg = Debug|x64
		{CD908D7A-DEE6-48D3-8E5C-2EBC3851EF4B}.Debug|x64.Build.0 = Debug|x64
		{CD908D7A-DEE6-48D3-8E5C-2EBC3851EF4B}.Debug|x64.Deploy.0 = Debug|x64
		{CD908D7A-DEE6-48D3-8E5C-2EBC3851EF4B}.Debug|x86.ActiveCfg = Debug|x86
		{CD908D7A-DEE6-48D3-8E5C-2EBC3851EF4B}.Debug|x86.Build.0 = Debug|x86
		{CD908D7A-DEE6-48D3-8E5C-2EBC3851EF4B}.Debug|x86.Deploy.0 = Debug|x86
		{CD908D7A-DEE6-48D3-8E5C-2EBC3851EF4B}.Release|Any CPU.ActiveCfg = Release|x86
		{CD908D7A-DEE6-48D3-8E5C-2EBC3851EF4B}.Release|ARM.ActiveCfg = Release|ARM
		{CD908D7A-DEE6-48D3-8E5C-2EBC3851EF4B}.Release|ARM.Build.0 = Release|ARM
		{CD908D7A-DEE6-48D3-8E5C-2EBC3851EF4B}.Release|ARM.Deploy.0 = Release|ARM
		{CD908D7A-DEE6-48D3-8E5C-2EBC3851EF4B}.Release|x64.ActiveCfg = Release|x64
		{CD908D7A-DEE6-48D3-8E5C-2EBC3851EF4B}.Release|x64.Build.0 = Release|x64
		{CD908D7A-DEE6-48D3-8E5C-2EBC3851EF4B}.Release|x64.Deploy.0 = Release|x64
		{CD908D7A-DEE6-48D3-8E5C-2EBC3851EF4B}.Release|x86.ActiveCfg = Release|x86
		{CD908D7A-DEE6-48D3-8E5C-2EBC3851EF4B}.Release|x86.Build.0 = Release|x86
		{CD908D7A-DEE6-48D3-8E5C-2EBC3851EF4B}.Release|x86.Deploy.0 = Release|x86
		{28923ACA-8AA7-489F-BC38-A6CB5C469108}.Debug|Any CPU.ActiveCfg = Debug|Any CPU
		{28923ACA-8AA7-489F-BC38-A6CB5C469108}.Debug|Any CPU.Build.0 = Debug|Any CPU
		{28923ACA-8AA7-489F-BC38-A6CB5C469108}.Debug|ARM.ActiveCfg = Debug|Any CPU
		{28923ACA-8AA7-489F-BC38-A6CB5C469108}.Debug|ARM.Build.0 = Debug|Any CPU
		{28923ACA-8AA7-489F-BC38-A6CB5C469108}.Debug|x64.ActiveCfg = Debug|Any CPU
		{28923ACA-8AA7-489F-BC38-A6CB5C469108}.Debug|x64.Build.0 = Debug|Any CPU
		{28923ACA-8AA7-489F-BC38-A6CB5C469108}.Debug|x86.ActiveCfg = Debug|Any CPU
		{28923ACA-8AA7-489F-BC38-A6CB5C469108}.Debug|x86.Build.0 = Debug|Any CPU
		{28923ACA-8AA7-489F-BC38-A6CB5C469108}.Release|Any CPU.ActiveCfg = Release|Any CPU
		{28923ACA-8AA7-489F-BC38-A6CB5C469108}.Release|Any CPU.Build.0 = Release|Any CPU
		{28923ACA-8AA7-489F-BC38-A6CB5C469108}.Release|ARM.ActiveCfg = Release|Any CPU
		{28923ACA-8AA7-489F-BC38-A6CB5C469108}.Release|ARM.Build.0 = Release|Any CPU
		{28923ACA-8AA7-489F-BC38-A6CB5C469108}.Release|x64.ActiveCfg = Release|Any CPU
		{28923ACA-8AA7-489F-BC38-A6CB5C469108}.Release|x64.Build.0 = Release|Any CPU
		{28923ACA-8AA7-489F-BC38-A6CB5C469108}.Release|x86.ActiveCfg = Release|Any CPU
		{28923ACA-8AA7-489F-BC38-A6CB5C469108}.Release|x86.Build.0 = Release|Any CPU
	EndGlobalSection
	GlobalSection(SolutionProperties) = preSolution
		HideSolutionNode = FALSE
	EndGlobalSection
	GlobalSection(NestedProjects) = preSolution
		{0ECA641F-BD50-413A-876C-A7D4810EB906} = {DF1E746A-72B0-4E19-93B3-5AB10C1FC11C}
		{C6FFB78D-EFBB-46C3-A0D1-68BF3436735E} = {CD898B0D-BE14-44D6-9B9A-8BA97E74CEB6}
		{CD908D7A-DEE6-48D3-8E5C-2EBC3851EF4B} = {DF1E746A-72B0-4E19-93B3-5AB10C1FC11C}
		{28923ACA-8AA7-489F-BC38-A6CB5C469108} = {DF1E746A-72B0-4E19-93B3-5AB10C1FC11C}
	EndGlobalSection
EndGlobal
